# THIS IS AN AUTOGENERATED FILE. DO NOT EDIT THIS FILE DIRECTLY.
# yarn lockfile v1


"@types/node@^20.8.2":
  version "20.14.11"
  resolved "https://registry.yarnpkg.com/@types/node/-/node-20.14.11.tgz#09b300423343460455043ddd4d0ded6ac579b74b"
  integrity sha512-kprQpL8MMeszbz6ojB5/tU8PLN4kesnN8Gjzw349rDlNgsSzg90lAVj3llK99Dh7JON+t9AuscPPFW6mPbTnSA==
  dependencies:
    undici-types "~5.26.4"

"@vercel/edge@^1.1.0":
  version "1.1.2"
  resolved "https://registry.yarnpkg.com/@vercel/edge/-/edge-1.1.2.tgz#b89bc5fa927b9af64c99311afb4dcf48e7b9e87a"
  integrity sha512-wt5SnhsMahWX8U9ZZhFUQoiXhMn/CUxA5xeMdZX1cwyOL1ZbDR3rNI8HRT9RSU73nDxeF6jlnqJyp/0Jy0VM2A==

husky@9.1.1:
  version "9.1.1"
  resolved "https://registry.yarnpkg.com/husky/-/husky-9.1.1.tgz#73f8f1b58329f377654293148c1a6458f54ca224"
  integrity sha512-fCqlqLXcBnXa/TJXmT93/A36tJsjdJkibQ1MuIiFyCCYUlpYpIaj2mv1w+3KR6Rzu1IC3slFTje5f6DUp2A2rg==

prettier@3.3.3:
  version "3.3.3"
  resolved "https://registry.yarnpkg.com/prettier/-/prettier-3.3.3.tgz#30c54fe0be0d8d12e6ae61dbb10109ea00d53105"
  integrity sha512-i2tDNA0O5IrMO757lfrdQZCc2jPNDVntV0m/+4whiDfWaTKfMNgR7Qz0NAeGz/nRqF4m5/6CLzbP4/liHt12Ew==

typescript@^5.2.2:
  version "5.5.4"
  resolved "https://registry.yarnpkg.com/typescript/-/typescript-5.5.4.tgz#d9852d6c82bad2d2eda4fd74a5762a8f5909e9ba"
  integrity sha512-Mtq29sKDAEYP7aljRgtPOpTvOfbwRWlS6dPRzwjdE+C0R4brX/GUyhHSecbHMFLNBLcJIPt9nl9yG5TZ1weH+Q==

undici-types@~5.26.4:
  version "5.26.5"
  resolved "https://registry.yarnpkg.com/undici-types/-/undici-types-5.26.5.tgz#bcd539893d00b56e964fd2657a4866b221a65617"
  integrity sha512-JlCMO+ehdEIKqlFxk6IfVoAUVmgz7cU7zD/h9XZ0qzeosSHmUJVOzSQvvYSYWXkFXC+IfLKSIffhv0sVZup6pA==
